
Microsoft Visual Studio Solution File, Format Version 11.00
# Visual Studio 2010
Project("{8BC9CEB8-8B4A-11D0-8D11-00A0C91BC942}") = "LoadSchema", "LoadSchema\LoadSchema.vcxproj", "{70A007FF-1104-49A8-984C-DE25A2E55AFD}"
EndProject
Global
	GlobalSection(SolutionConfigurationPlatforms) = preSolution
		Debug|Win32 = Debug|Win32
		Release|Win32 = Release|Win32
	EndGlobalSection
	GlobalSection(ProjectConfigurationPlatforms) = postSolution
		{70A007FF-1104-49A8-984C-DE25A2E55AFD}.Debug|Win32.ActiveCfg = Debug|Win32
		{70A007FF-1104-49A8-984C-DE25A2E55AFD}.Debug|Win32.Build.0 = Debug|Win32
		{70A007FF-1104-49A8-984C-DE25A2E55AFD}.Release|Win32.ActiveCfg = Release|Win32
		{70A007FF-1104-49A8-984C-DE25A2E55AFD}.Release|Win32.Build.0 = Release|Win32
	EndGlobalSection
	GlobalSection(SolutionProperties) = preSolution
		HideSolutionNode = FALSE
	EndGlobalSection
EndGlobal
